// !$*UTF8*$!
{
	archiveVersion = 1;
	classes = {
	};
	objectVersion = 56;
	objects = {

/* Begin PBXBuildFile section */
		0E855A9B2AF57FDA009EE8B4 /* NavegacionSwiftUiApp.swift in Sources */ = {isa = PBXBuildFile; fileRef = 0E855A9A2AF57FDA009EE8B4 /* NavegacionSwiftUiApp.swift */; };
		0E855A9D2AF57FDA009EE8B4 /* ContentView.swift in Sources */ = {isa = PBXBuildFile; fileRef = 0E855A9C2AF57FDA009EE8B4 /* ContentView.swift */; };
		0E855A9F2AF57FE1009EE8B4 /* Assets.xcassets in Resources */ = {isa = PBXBuildFile; fileRef = 0E855A9E2AF57FE1009EE8B4 /* Assets.xcassets */; };
		0E855AA22AF57FE1009EE8B4 /* Preview Assets.xcassets in Resources */ = {isa = PBXBuildFile; fileRef = 0E855AA12AF57FE1009EE8B4 /* Preview Assets.xcassets */; };
		0E855AA92AF58085009EE8B4 /* VentanaModal.swift in Sources */ = {isa = PBXBuildFile; fileRef = 0E855AA82AF58085009EE8B4 /* VentanaModal.swift */; };
		0E8CA3072AFC09A000427FAB /* SegundaVista.swift in Sources */ = {isa = PBXBuildFile; fileRef = 0E8CA3062AFC099F00427FAB /* SegundaVista.swift */; };
		0E8CA3092AFC0A1400427FAB /* TerceraVista.swift in Sources */ = {isa = PBXBuildFile; fileRef = 0E8CA3082AFC0A1400427FAB /* TerceraVista.swift */; };
		0E8CA30B2AFC495800427FAB /* Vista2.swift in Sources */ = {isa = PBXBuildFile; fileRef = 0E8CA30A2AFC495800427FAB /* Vista2.swift */; };
		0E8CA30D2AFC497600427FAB /* Vista3.swift in Sources */ = {isa = PBXBuildFile; fileRef = 0E8CA30C2AFC497600427FAB /* Vista3.swift */; };
		0E8CA30F2AFC49B100427FAB /* TabViewMain.swift in Sources */ = {isa = PBXBuildFile; fileRef = 0E8CA30E2AFC49B100427FAB /* TabViewMain.swift */; };
/* End PBXBuildFile section */

/* Begin PBXFileReference section */
		0E855A972AF57FDA009EE8B4 /* NavegacionSwiftUi.app */ = {isa = PBXFileReference; explicitFileType = wrapper.application; includeInIndex = 0; path = NavegacionSwiftUi.app; sourceTree = BUILT_PRODUCTS_DIR; };
		0E855A9A2AF57FDA009EE8B4 /* NavegacionSwiftUiApp.swift */ = {isa = PBXFileReference; lastKnownFileType = sourcecode.swift; path = NavegacionSwiftUiApp.swift; sourceTree = "<group>"; };
		0E855A9C2AF57FDA009EE8B4 /* ContentView.swift */ = {isa = PBXFileReference; lastKnownFileType = sourcecode.swift; path = ContentView.swift; sourceTree = "<group>"; };
		0E855A9E2AF57FE1009EE8B4 /* Assets.xcassets */ = {isa = PBXFileReference; lastKnownFileType = folder.assetcatalog; path = Assets.xcassets; sourceTree = "<group>"; };
		0E855AA12AF57FE1009EE8B4 /* Preview Assets.xcassets */ = {isa = PBXFileReference; lastKnownFileType = folder.assetcatalog; path = "Preview Assets.xcassets"; sourceTree = "<group>"; };
		0E855AA82AF58085009EE8B4 /* VentanaModal.swift */ = {isa = PBXFileReference; lastKnownFileType = sourcecode.swift; path = VentanaModal.swift; sourceTree = "<group>"; };
		0E8CA3062AFC099F00427FAB /* SegundaVista.swift */ = {isa = PBXFileReference; lastKnownFileType = sourcecode.swift; path = SegundaVista.swift; sourceTree = "<group>"; };
		0E8CA3082AFC0A1400427FAB /* TerceraVista.swift */ = {isa = PBXFileReference; lastKnownFileType = sourcecode.swift; path = TerceraVista.swift; sourceTree = "<group>"; };
		0E8CA30A2AFC495800427FAB /* Vista2.swift */ = {isa = PBXFileReference; lastKnownFileType = sourcecode.swift; path = Vista2.swift; sourceTree = "<group>"; };
		0E8CA30C2AFC497600427FAB /* Vista3.swift */ = {isa = PBXFileReference; lastKnownFileType = sourcecode.swift; path = Vista3.swift; sourceTree = "<group>"; };
		0E8CA30E2AFC49B100427FAB /* TabViewMain.swift */ = {isa = PBXFileReference; lastKnownFileType = sourcecode.swift; path = TabViewMain.swift; sourceTree = "<group>"; };
/* End PBXFileReference section */

/* Begin PBXFrameworksBuildPhase section */
		0E855A942AF57FDA009EE8B4 /* Frameworks */ = {
			isa = PBXFrameworksBuildPhase;
			buildActionMask = 2147483647;
			files = (
			);
			runOnlyForDeploymentPostprocessing = 0;
		};
/* End PBXFrameworksBuildPhase section */

/* Begin PBXGroup section */
		0E855A8E2AF57FDA009EE8B4 = {
			isa = PBXGroup;
			children = (
				0E855A992AF57FDA009EE8B4 /* NavegacionSwiftUi */,
				0E855A982AF57FDA009EE8B4 /* Products */,
			);
			sourceTree = "<group>";
		};
		0E855A982AF57FDA009EE8B4 /* Products */ = {
			isa = PBXGroup;
			children = (
				0E855A972AF57FDA009EE8B4 /* NavegacionSwiftUi.app */,
			);
			name = Products;
			sourceTree = "<group>";
		};
		0E855A992AF57FDA009EE8B4 /* NavegacionSwiftUi */ = {
			isa = PBXGroup;
			children = (
				0E855A9A2AF57FDA009EE8B4 /* NavegacionSwiftUiApp.swift */,
				0E855A9C2AF57FDA009EE8B4 /* ContentView.swift */,
				0E8CA30A2AFC495800427FAB /* Vista2.swift */,
				0E8CA30C2AFC497600427FAB /* Vista3.swift */,
				0E8CA30E2AFC49B100427FAB /* TabViewMain.swift */,
				0E8CA3082AFC0A1400427FAB /* TerceraVista.swift */,
				0E8CA3062AFC099F00427FAB /* SegundaVista.swift */,
				0E855A9E2AF57FE1009EE8B4 /* Assets.xcassets */,
				0E855AA02AF57FE1009EE8B4 /* Preview Content */,
				0E855AA82AF58085009EE8B4 /* VentanaModal.swift */,
			);
			path = NavegacionSwiftUi;
			sourceTree = "<group>";
		};
		0E855AA02AF57FE1009EE8B4 /* Preview Content */ = {
			isa = PBXGroup;
			children = (
				0E855AA12AF57FE1009EE8B4 /* Preview Assets.xcassets */,
			);
			path = "Preview Content";
			sourceTree = "<group>";
		};
/* End PBXGroup section */

/* Begin PBXNativeTarget section */
		0E855A962AF57FDA009EE8B4 /* NavegacionSwiftUi */ = {
			isa = PBXNativeTarget;
			buildConfigurationList = 0E855AA52AF57FE1009EE8B4 /* Build configuration list for PBXNativeTarget "NavegacionSwiftUi" */;
			buildPhases = (
				0E855A932AF57FDA009EE8B4 /* Sources */,
				0E855A942AF57FDA009EE8B4 /* Frameworks */,
				0E855A952AF57FDA009EE8B4 /* Resources */,
			);
			buildRules = (
			);
			dependencies = (
			);
			name = NavegacionSwiftUi;
			productName = NavegacionSwiftUi;
			productReference = 0E855A972AF57FDA009EE8B4 /* NavegacionSwiftUi.app */;
			productType = "com.apple.product-type.application";
		};
/* End PBXNativeTarget section */

/* Begin PBXProject section */
		0E855A8F2AF57FDA009EE8B4 /* Project object */ = {
			isa = PBXProject;
			attributes = {
				BuildIndependentTargetsInParallel = 1;
				LastSwiftUpdateCheck = 1500;
				LastUpgradeCheck = 1500;
				TargetAttributes = {
					0E855A962AF57FDA009EE8B4 = {
						CreatedOnToolsVersion = 15.0.1;
					};
				};
			};
			buildConfigurationList = 0E855A922AF57FDA009EE8B4 /* Build configuration list for PBXProject "NavegacionSwiftUi" */;
			compatibilityVersion = "Xcode 14.0";
			developmentRegion = en;
			hasScannedForEncodings = 0;
			knownRegions = (
				en,
				Base,
			);
			mainGroup = 0E855A8E2AF57FDA009EE8B4;
			productRefGroup = 0E855A982AF57FDA009EE8B4 /* Products */;
			projectDirPath = "";
			projectRoot = "";
			targets = (
				0E855A962AF57FDA009EE8B4 /* NavegacionSwiftUi */,
			);
		};
/* End PBXProject section */

/* Begin PBXResourcesBuildPhase section */
		0E855A952AF57FDA009EE8B4 /* Resources */ = {
			isa = PBXResourcesBuildPhase;
			buildActionMask = 2147483647;
			files = (
				0E855AA22AF57FE1009EE8B4 /* Preview Assets.xcassets in Resources */,
				0E855A9F2AF57FE1009EE8B4 /* Assets.xcassets in Resources */,
			);
			runOnlyForDeploymentPostprocessing = 0;
		};
/* End PBXResourcesBuildPhase section */

/* Begin PBXSourcesBuildPhase section */
		0E855A932AF57FDA009EE8B4 /* Sources */ = {
			isa = PBXSourcesBuildPhase;
			buildActionMask = 2147483647;
			files = (
				0E855A9D2AF57FDA009EE8B4 /* ContentView.swift in Sources */,
				0E855AA92AF58085009EE8B4 /* VentanaModal.swift in Sources */,
				0E8CA30B2AFC495800427FAB /* Vista2.swift in Sources */,
				0E8CA30F2AFC49B100427FAB /* TabViewMain.swift in Sources */,
				0E855A9B2AF57FDA009EE8B4 /* NavegacionSwiftUiApp.swift in Sources */,
				0E8CA30D2AFC497600427FAB /* Vista3.swift in Sources */,
				0E8CA3092AFC0A1400427FAB /* TerceraVista.swift in Sources */,
				0E8CA3072AFC09A000427FAB /* SegundaVista.swift in Sources */,
			);
			runOnlyForDeploymentPostprocessing = 0;
		};
/* End PBXSourcesBuildPhase section */

/* Begin XCBuildConfiguration section */
		0E855AA32AF57FE1009EE8B4 /* Debug */ = {
			isa = XCBuildConfiguration;
			buildSettings = {
				ALWAYS_SEARCH_USER_PATHS = NO;
				ASSETCATALOG_COMPILER_GENERATE_SWIFT_ASSET_SYMBOL_EXTENSIONS = YES;
				CLANG_ANALYZER_NONNULL = YES;
				CLANG_ANALYZER_NUMBER_OBJECT_CONVERSION = YES_AGGRESSIVE;
				CLANG_CXX_LANGUAGE_STANDARD = "gnu++20";
				CLANG_ENABLE_MODULES = YES;
				CLANG_ENABLE_OBJC_ARC = YES;
				CLANG_ENABLE_OBJC_WEAK = YES;
				CLANG_WARN_BLOCK_CAPTURE_AUTORELEASING = YES;
				CLANG_WARN_BOOL_CONVERSION = YES;
				CLANG_WARN_COMMA = YES;
				CLANG_WARN_CONSTANT_CONVERSION = YES;
				CLANG_WARN_DEPRECATED_OBJC_IMPLEMENTATIONS = YES;
				CLANG_WARN_DIRECT_OBJC_ISA_USAGE = YES_ERROR;
				CLANG_WARN_DOCUMENTATION_COMMENTS = YES;
				CLANG_WARN_EMPTY_BODY = YES;
				CLANG_WARN_ENUM_CONVERSION = YES;
				CLANG_WARN_INFINITE_RECURSION = YES;
				CLANG_WARN_INT_CONVERSION = YES;
				CLANG_WARN_NON_LITERAL_NULL_CONVERSION = YES;
				CLANG_WARN_OBJC_IMPLICIT_RETAIN_SELF = YES;
				CLANG_WARN_OBJC_LITERAL_CONVERSION = YES;
				CLANG_WARN_OBJC_ROOT_CLASS = YES_ERROR;
				CLANG_WARN_QUOTED_INCLUDE_IN_FRAMEWORK_HEADER = YES;
				CLANG_WARN_RANGE_LOOP_ANALYSIS = YES;
				CLANG_WARN_STRICT_PROTOTYPES = YES;
				CLANG_WARN_SUSPICIOUS_MOVE = YES;
				CLANG_WARN_UNGUARDED_AVAILABILITY = YES_AGGRESSIVE;
				CLANG_WARN_UNREACHABLE_CODE = YES;
				CLANG_WARN__DUPLICATE_METHOD_MATCH = YES;
				COPY_PHASE_STRIP = NO;
				DEBUG_INFORMATION_FORMAT = dwarf;
				ENABLE_STRICT_OBJC_MSGSEND = YES;
				ENABLE_TESTABILITY = YES;
				ENABLE_USER_SCRIPT_SANDBOXING = YES;
				GCC_C_LANGUAGE_STANDARD = gnu17;
				GCC_DYNAMIC_NO_PIC = NO;
				GCC_NO_COMMON_BLOCKS = YES;
				GCC_OPTIMIZATION_LEVEL = 0;
				GCC_PREPROCESSOR_DEFINITIONS = (
					"DEBUG=1",
					"$(inherited)",
				);
				GCC_WARN_64_TO_32_BIT_CONVERSION = YES;
				GCC_WARN_ABOUT_RETURN_TYPE = YES_ERROR;
				GCC_WARN_UNDECLARED_SELECTOR = YES;
				GCC_WARN_UNINITIALIZED_AUTOS = YES_AGGRESSIVE;
				GCC_WARN_UNUSED_FUNCTION = YES;
				GCC_WARN_UNUSED_VARIABLE = YES;
				IPHONEOS_DEPLOYMENT_TARGET = 17.0;
				LOCALIZATION_PREFERS_STRING_CATALOGS = YES;
				MTL_ENABLE_DEBUG_INFO = INCLUDE_SOURCE;
				MTL_FAST_MATH = YES;
				ONLY_ACTIVE_ARCH = YES;
				SDKROOT = iphoneos;
				SWIFT_ACTIVE_COMPILATION_CONDITIONS = "DEBUG $(inherited)";
				SWIFT_OPTIMIZATION_LEVEL = "-Onone";
			};
			name = Debug;
		};
		0E855AA42AF57FE1009EE8B4 /* Release */ = {
			isa = XCBuildConfiguration;
			buildSettings = {
				ALWAYS_SEARCH_USER_PATHS = NO;
				ASSETCATALOG_COMPILER_GENERATE_SWIFT_ASSET_SYMBOL_EXTENSIONS = YES;
				CLANG_ANALYZER_NONNULL = YES;
				CLANG_ANALYZER_NUMBER_OBJECT_CONVERSION = YES_AGGRESSIVE;
				CLANG_CXX_LANGUAGE_STANDARD = "gnu++20";
				CLANG_ENABLE_MODULES = YES;
				CLANG_ENABLE_OBJC_ARC = YES;
				CLANG_ENABLE_OBJC_WEAK = YES;
				CLANG_WARN_BLOCK_CAPTURE_AUTORELEASING = YES;
				CLANG_WARN_BOOL_CONVERSION = YES;
				CLANG_WARN_COMMA = YES;
				CLANG_WARN_CONSTANT_CONVERSION = YES;
				CLANG_WARN_DEPRECATED_OBJC_IMPLEMENTATIONS = YES;
				CLANG_WARN_DIRECT_OBJC_ISA_USAGE = YES_ERROR;
				CLANG_WARN_DOCUMENTATION_COMMENTS = YES;
				CLANG_WARN_EMPTY_BODY = YES;
				CLANG_WARN_ENUM_CONVERSION = YES;
				CLANG_WARN_INFINITE_RECURSION = YES;
				CLANG_WARN_INT_CONVERSION = YES;
				CLANG_WARN_NON_LITERAL_NULL_CONVERSION = YES;
				CLANG_WARN_OBJC_IMPLICIT_RETAIN_SELF = YES;
				CLANG_WARN_OBJC_LITERAL_CONVERSION = YES;
				CLANG_WARN_OBJC_ROOT_CLASS = YES_ERROR;
				CLANG_WARN_QUOTED_INCLUDE_IN_FRAMEWORK_HEADER = YES;
				CLANG_WARN_RANGE_LOOP_ANALYSIS = YES;
				CLANG_WARN_STRICT_PROTOTYPES = YES;
				CLANG_WARN_SUSPICIOUS_MOVE = YES;
				CLANG_WARN_UNGUARDED_AVAILABILITY = YES_AGGRESSIVE;
				CLANG_WARN_UNREACHABLE_CODE = YES;
				CLANG_WARN__DUPLICATE_METHOD_MATCH = YES;
				COPY_PHASE_STRIP = NO;
				DEBUG_INFORMATION_FORMAT = "dwarf-with-dsym";
				ENABLE_NS_ASSERTIONS = NO;
				ENABLE_STRICT_OBJC_MSGSEND = YES;
				ENABLE_USER_SCRIPT_SANDBOXING = YES;
				GCC_C_LANGUAGE_STANDARD = gnu17;
				GCC_NO_COMMON_BLOCKS = YES;
				GCC_WARN_64_TO_32_BIT_CONVERSION = YES;
				GCC_WARN_ABOUT_RETURN_TYPE = YES_ERROR;
				GCC_WARN_UNDECLARED_SELECTOR = YES;
				GCC_WARN_UNINITIALIZED_AUTOS = YES_AGGRESSIVE;
				GCC_WARN_UNUSED_FUNCTION = YES;
				GCC_WARN_UNUSED_VARIABLE = YES;
				IPHONEOS_DEPLOYMENT_TARGET = 17.0;
				LOCALIZATION_PREFERS_STRING_CATALOGS = YES;
				MTL_ENABLE_DEBUG_INFO = NO;
				MTL_FAST_MATH = YES;
				SDKROOT = iphoneos;
				SWIFT_COMPILATION_MODE = wholemodule;
				VALIDATE_PRODUCT = YES;
			};
			name = Release;
		};
		0E855AA62AF57FE1009EE8B4 /* Debug */ = {
			isa = XCBuildConfiguration;
			buildSettings = {
				ASSETCATALOG_COMPILER_APPICON_NAME = AppIcon;
				ASSETCATALOG_COMPILER_GLOBAL_ACCENT_COLOR_NAME = AccentColor;
				CODE_SIGN_STYLE = Automatic;
				CURRENT_PROJECT_VERSION = 1;
				DEVELOPMENT_ASSET_PATHS = "\"NavegacionSwiftUi/Preview Content\"";
				ENABLE_PREVIEWS = YES;
				GENERATE_INFOPLIST_FILE = YES;
				INFOPLIST_KEY_UIApplicationSceneManifest_Generation = YES;
				INFOPLIST_KEY_UIApplicationSupportsIndirectInputEvents = YES;
				INFOPLIST_KEY_UILaunchScreen_Generation = YES;
				INFOPLIST_KEY_UISupportedInterfaceOrientations_iPad = "UIInterfaceOrientationPortrait UIInterfaceOrientationPortraitUpsideDown UIInterfaceOrientationLandscapeLeft UIInterfaceOrientationLandscapeRight";
				INFOPLIST_KEY_UISupportedInterfaceOrientations_iPhone = "UIInterfaceOrientationPortrait UIInterfaceOrientationLandscapeLeft UIInterfaceOrientationLandscapeRight";
				IPHONEOS_DEPLOYMENT_TARGET = 14.0;
				LD_RUNPATH_SEARCH_PATHS = (
					"$(inherited)",
					"@executable_path/Frameworks",
				);
				MARKETING_VERSION = 1.0;
				PRODUCT_BUNDLE_IDENTIFIER = dm.NavegacionSwiftUi;
				PRODUCT_NAME = "$(TARGET_NAME)";
				SWIFT_EMIT_LOC_STRINGS = YES;
				SWIFT_VERSION = 5.0;
				TARGETED_DEVICE_FAMILY = "1,2";
			};
			name = Debug;
		};
		0E855AA72AF57FE1009EE8B4 /* Release */ = {
			isa = XCBuildConfiguration;
			buildSettings = {
				ASSETCATALOG_COMPILER_APPICON_NAME = AppIcon;
				ASSETCATALOG_COMPILER_GLOBAL_ACCENT_COLOR_NAME = AccentColor;
				CODE_SIGN_STYLE = Automatic;
				CURRENT_PROJECT_VERSION = 1;
				DEVELOPMENT_ASSET_PATHS = "\"NavegacionSwiftUi/Preview Content\"";
				ENABLE_PREVIEWS = YES;
				GENERATE_INFOPLIST_FILE = YES;
				INFOPLIST_KEY_UIApplicationSceneManifest_Generation = YES;
				INFOPLIST_KEY_UIApplicationSupportsIndirectInputEvents = YES;
				INFOPLIST_KEY_UILaunchScreen_Generation = YES;
				INFOPLIST_KEY_UISupportedInterfaceOrientations_iPad = "UIInterfaceOrientationPortrait UIInterfaceOrientationPortraitUpsideDown UIInterfaceOrientationLandscapeLeft UIInterfaceOrientationLandscapeRight";
				INFOPLIST_KEY_UISupportedInterfaceOrientations_iPhone = "UIInterfaceOrientationPortrait UIInterfaceOrientationLandscapeLeft UIInterfaceOrientationLandscapeRight";
				IPHONEOS_DEPLOYMENT_TARGET = 14.0;
				LD_RUNPATH_SEARCH_PATHS = (
					"$(inherited)",
					"@executable_path/Frameworks",
				);
				MARKETING_VERSION = 1.0;
				PRODUCT_BUNDLE_IDENTIFIER = dm.NavegacionSwiftUi;
				PRODUCT_NAME = "$(TARGET_NAME)";
				SWIFT_EMIT_LOC_STRINGS = YES;
				SWIFT_VERSION = 5.0;
				TARGETED_DEVICE_FAMILY = "1,2";
			};
			name = Release;
		};
/* End XCBuildConfiguration section */

/* Begin XCConfigurationList section */
		0E855A922AF57FDA009EE8B4 /* Build configuration list for PBXProject "NavegacionSwiftUi" */ = {
			isa = XCConfigurationList;
			buildConfigurations = (
				0E855AA32AF57FE1009EE8B4 /* Debug */,
				0E855AA42AF57FE1009EE8B4 /* Release */,
			);
			defaultConfigurationIsVisible = 0;
			defaultConfigurationName = Release;
		};
		0E855AA52AF57FE1009EE8B4 /* Build configuration list for PBXNativeTarget "NavegacionSwiftUi" */ = {
			isa = XCConfigurationList;
			buildConfigurations = (
				0E855AA62AF57FE1009EE8B4 /* Debug */,
				0E855AA72AF57FE1009EE8B4 /* Release */,
			);
			defaultConfigurationIsVisible = 0;
			defaultConfigurationName = Release;
		};
/* End XCConfigurationList section */
	};
	rootObject = 0E855A8F2AF57FDA009EE8B4 /* Project object */;
}
